
Microsoft Visual Studio Solution File, Format Version 12.00
# Visual Studio Version 17
VisualStudioVersion = 17.3.32901.215
MinimumVisualStudioVersion = 10.0.40219.1
Project("{9A19103F-16F7-4668-BE54-9A1E7A4F7556}") = "AssetPriceTracker", "AssetPriceTracker.csproj", "{8FCA30AC-8598-4931-AC80-380EB3CBE49B}"
EndProject
Project("{FAE04EC0-301F-11D3-BF4B-00C04F79EFBC}") = "AssetPriceUI", "..\AssetPriceUI\AssetPriceUI.csproj", "{807B1D12-2D9F-466C-9ADF-618F372A6290}"
EndProject
Global
	GlobalSection(SolutionConfigurationPlatforms) = preSolution
		Debug|Any CPU = Debug|Any CPU
		Release|Any CPU = Release|Any CPU
	EndGlobalSection
	GlobalSection(ProjectConfigurationPlatforms) = postSolution
		{8FCA30AC-8598-4931-AC80-380EB3CBE49B}.Debug|Any CPU.ActiveCfg = Debug|Any CPU
		{8FCA30AC-8598-4931-AC80-380EB3CBE49B}.Debug|Any CPU.Build.0 = Debug|Any CPU
		{8FCA30AC-8598-4931-AC80-380EB3CBE49B}.Release|Any CPU.ActiveCfg = Release|Any CPU
		{8FCA30AC-8598-4931-AC80-380EB3CBE49B}.Release|Any CPU.Build.0 = Release|Any CPU
		{807B1D12-2D9F-466C-9ADF-618F372A6290}.Debug|Any CPU.ActiveCfg = Debug|Any CPU
		{807B1D12-2D9F-466C-9ADF-618F372A6290}.Debug|Any CPU.Build.0 = Debug|Any CPU
		{807B1D12-2D9F-466C-9ADF-618F372A6290}.Release|Any CPU.ActiveCfg = Release|Any CPU
		{807B1D12-2D9F-466C-9ADF-618F372A6290}.Release|Any CPU.Build.0 = Release|Any CPU
	EndGlobalSection
	GlobalSection(SolutionProperties) = preSolution
		HideSolutionNode = FALSE
	EndGlobalSection
	GlobalSection(ExtensibilityGlobals) = postSolution
		SolutionGuid = {67EB6BC6-298C-4894-9CD1-316C24D9FC89}
	EndGlobalSection
EndGlobal
